// !$*UTF8*$!
{
	archiveVersion = 1;
	classes = {
	};
	objectVersion = 46;
	objects = {

/* Begin PBXBuildFile section */
		6A137A42199ED57400EE45D5 /* Images-2.xcassets in Resources */ = {isa = PBXBuildFile; fileRef = 6A137A41199ED57400EE45D5 /* Images-2.xcassets */; };
		6A137A45199F200B00EE45D5 /* Tutorial.m in Sources */ = {isa = PBXBuildFile; fileRef = 6A137A44199F200B00EE45D5 /* Tutorial.m */; };
		6A321908197EA8C900648C5C /* CCPhysicsTouchNode.m in Sources */ = {isa = PBXBuildFile; fileRef = 6A321907197EA8C900648C5C /* CCPhysicsTouchNode.m */; };
		6A7CCEB3198035D800C2511C /* Cat.m in Sources */ = {isa = PBXBuildFile; fileRef = 6A7CCEB2198035D800C2511C /* Cat.m */; };
		6A7CCEB71980369400C2511C /* Ball.m in Sources */ = {isa = PBXBuildFile; fileRef = 6A7CCEB61980369400C2511C /* Ball.m */; };
		6A7F7DFD1982F66E00290813 /* Pause.m in Sources */ = {isa = PBXBuildFile; fileRef = 6A7F7DFC1982F66E00290813 /* Pause.m */; };
		6A7F7E0719894B7B00290813 /* GameOver.m in Sources */ = {isa = PBXBuildFile; fileRef = 6A7F7E0619894B7B00290813 /* GameOver.m */; };
		6A8576D5199E486E001A8DF3 /* libz.dylib in Frameworks */ = {isa = PBXBuildFile; fileRef = 6A8576D4199E486E001A8DF3 /* libz.dylib */; };
		6A8576D7199E4876001A8DF3 /* MessageUI.framework in Frameworks */ = {isa = PBXBuildFile; fileRef = 6A8576D6199E4876001A8DF3 /* MessageUI.framework */; };
		6A8576D9199E487F001A8DF3 /* Social.framework in Frameworks */ = {isa = PBXBuildFile; fileRef = 6A8576D8199E487F001A8DF3 /* Social.framework */; settings = {ATTRIBUTES = (Weak, ); }; };
		6A8576DB199E4887001A8DF3 /* StoreKit.framework in Frameworks */ = {isa = PBXBuildFile; fileRef = 6A8576DA199E4887001A8DF3 /* StoreKit.framework */; };
		6A8576DD199E4892001A8DF3 /* SystemConfiguration.framework in Frameworks */ = {isa = PBXBuildFile; fileRef = 6A8576DC199E4892001A8DF3 /* SystemConfiguration.framework */; };
		6A8577BB199E4BCB001A8DF3 /* mgwuSDK.framework in Frameworks */ = {isa = PBXBuildFile; fileRef = 6A857774199E4BCA001A8DF3 /* mgwuSDK.framework */; };
		6A8577BC199E4BCB001A8DF3 /* aqua.png in Resources */ = {isa = PBXBuildFile; fileRef = 6A857776199E4BCA001A8DF3 /* aqua.png */; };
		6A8577BD199E4BCB001A8DF3 /* bluechatbubble.png in Resources */ = {isa = PBXBuildFile; fileRef = 6A857777199E4BCA001A8DF3 /* bluechatbubble.png */; };
		6A8577BE199E4BCB001A8DF3 /* CrossPromoViewController.nib in Resources */ = {isa = PBXBuildFile; fileRef = 6A857778199E4BCA001A8DF3 /* CrossPromoViewController.nib */; };
		6A8577BF199E4BCB001A8DF3 /* FacebookIcon.png in Resources */ = {isa = PBXBuildFile; fileRef = 6A857779199E4BCA001A8DF3 /* FacebookIcon.png */; };
		6A8577C0199E4BCB001A8DF3 /* fb_connect.png in Resources */ = {isa = PBXBuildFile; fileRef = 6A85777A199E4BCA001A8DF3 /* fb_connect.png */; };
		6A8577C1199E4BCB001A8DF3 /* FBLoginButton.png in Resources */ = {isa = PBXBuildFile; fileRef = 6A85777B199E4BCA001A8DF3 /* FBLoginButton.png */; };
		6A8577C2199E4BCB001A8DF3 /* FBLoginButton@2x.png in Resources */ = {isa = PBXBuildFile; fileRef = 6A85777C199E4BCA001A8DF3 /* FBLoginButton@2x.png */; };
		6A8577C3199E4BCB001A8DF3 /* FBLoginButtonPressed.png in Resources */ = {isa = PBXBuildFile; fileRef = 6A85777D199E4BCA001A8DF3 /* FBLoginButtonPressed.png */; };
		6A8577C4199E4BCB001A8DF3 /* FBLoginButtonPressed@2x.png in Resources */ = {isa = PBXBuildFile; fileRef = 6A85777E199E4BCA001A8DF3 /* FBLoginButtonPressed@2x.png */; };
		6A8577C5199E4BCB001A8DF3 /* FBNoThanksButton.png in Resources */ = {isa = PBXBuildFile; fileRef = 6A85777F199E4BCA001A8DF3 /* FBNoThanksButton.png */; };
		6A8577C6199E4BCB001A8DF3 /* FBNoThanksButton@2x.png in Resources */ = {isa = PBXBuildFile; fileRef = 6A857780199E4BCA001A8DF3 /* FBNoThanksButton@2x.png */; };
		6A8577C7199E4BCB001A8DF3 /* FBNoThanksButtonPressed.png in Resources */ = {isa = PBXBuildFile; fileRef = 6A857781199E4BCA001A8DF3 /* FBNoThanksButtonPressed.png */; };
		6A8577C8199E4BCB001A8DF3 /* FBNoThanksButtonPressed@2x.png in Resources */ = {isa = PBXBuildFile; fileRef = 6A857782199E4BCA001A8DF3 /* FBNoThanksButtonPressed@2x.png */; };
		6A8577C9199E4BCB001A8DF3 /* green.png in Resources */ = {isa = PBXBuildFile; fileRef = 6A857783199E4BCA001A8DF3 /* green.png */; };
		6A8577CA199E4BCB001A8DF3 /* grey-background.png in Resources */ = {isa = PBXBuildFile; fileRef = 6A857784199E4BCA001A8DF3 /* grey-background.png */; };
		6A8577CB199E4BCB001A8DF3 /* hipmob.back.btn.png in Resources */ = {isa = PBXBuildFile; fileRef = 6A857785199E4BCA001A8DF3 /* hipmob.back.btn.png */; };
		6A8577CC199E4BCB001A8DF3 /* hipmob.send.png in Resources */ = {isa = PBXBuildFile; fileRef = 6A857786199E4BCA001A8DF3 /* hipmob.send.png */; };
		6A8577CD199E4BCB001A8DF3 /* hipmobsend_field.png in Resources */ = {isa = PBXBuildFile; fileRef = 6A857787199E4BCA001A8DF3 /* hipmobsend_field.png */; };
		6A8577CE199E4BCB001A8DF3 /* hipmobsend_field@2x.png in Resources */ = {isa = PBXBuildFile; fileRef = 6A857788199E4BCA001A8DF3 /* hipmobsend_field@2x.png */; };
		6A8577CF199E4BCB001A8DF3 /* mgwu-gk-notification.png in Resources */ = {isa = PBXBuildFile; fileRef = 6A857789199E4BCA001A8DF3 /* mgwu-gk-notification.png */; };
		6A8577D0199E4BCB001A8DF3 /* mgwu-gk-notification@2x.png in Resources */ = {isa = PBXBuildFile; fileRef = 6A85778A199E4BCA001A8DF3 /* mgwu-gk-notification@2x.png */; };
		6A8577D1199E4BCB001A8DF3 /* mgwu-m.png in Resources */ = {isa = PBXBuildFile; fileRef = 6A85778B199E4BCA001A8DF3 /* mgwu-m.png */; };
		6A8577D2199E4BCB001A8DF3 /* mgwu-m@2x.png in Resources */ = {isa = PBXBuildFile; fileRef = 6A85778C199E4BCA001A8DF3 /* mgwu-m@2x.png */; };
		6A8577D3199E4BCB001A8DF3 /* MGWUAboutFooter-Landscape-568h@2x~iphone.png in Resources */ = {isa = PBXBuildFile; fileRef = 6A85778D199E4BCA001A8DF3 /* MGWUAboutFooter-Landscape-568h@2x~iphone.png */; };
		6A8577D4199E4BCB001A8DF3 /* MGWUAboutFooter-Landscape@2x~ipad.png in Resources */ = {isa = PBXBuildFile; fileRef = 6A85778E199E4BCA001A8DF3 /* MGWUAboutFooter-Landscape@2x~ipad.png */; };
		6A8577D5199E4BCB001A8DF3 /* MGWUAboutFooter-Landscape@2x~iphone.png in Resources */ = {isa = PBXBuildFile; fileRef = 6A85778F199E4BCA001A8DF3 /* MGWUAboutFooter-Landscape@2x~iphone.png */; };
		6A8577D6199E4BCB001A8DF3 /* MGWUAboutFooter-Landscape~ipad.png in Resources */ = {isa = PBXBuildFile; fileRef = 6A857790199E4BCA001A8DF3 /* MGWUAboutFooter-Landscape~ipad.png */; };
		6A8577D7199E4BCB001A8DF3 /* MGWUAboutFooter-Landscape~iphone.png in Resources */ = {isa = PBXBuildFile; fileRef = 6A857791199E4BCA001A8DF3 /* MGWUAboutFooter-Landscape~iphone.png */; };
		6A8577D8199E4BCB001A8DF3 /* MGWUAboutFooter-Portrait@2x~ipad.png in Resources */ = {isa = PBXBuildFile; fileRef = 6A857792199E4BCA001A8DF3 /* MGWUAboutFooter-Portrait@2x~ipad.png */; };
		6A8577D9199E4BCB001A8DF3 /* MGWUAboutFooter-Portrait@2x~iphone.png in Resources */ = {isa = PBXBuildFile; fileRef = 6A857793199E4BCA001A8DF3 /* MGWUAboutFooter-Portrait@2x~iphone.png */; };
		6A8577DA199E4BCB001A8DF3 /* MGWUAboutFooter-Portrait~ipad.png in Resources */ = {isa = PBXBuildFile; fileRef = 6A857794199E4BCA001A8DF3 /* MGWUAboutFooter-Portrait~ipad.png */; };
		6A8577DB199E4BCB001A8DF3 /* MGWUAboutFooter-Portrait~iphone.png in Resources */ = {isa = PBXBuildFile; fileRef = 6A857795199E4BCA001A8DF3 /* MGWUAboutFooter-Portrait~iphone.png */; };
		6A8577DC199E4BCB001A8DF3 /* MGWUBackground-Landscape@2x~ipad.png in Resources */ = {isa = PBXBuildFile; fileRef = 6A857796199E4BCA001A8DF3 /* MGWUBackground-Landscape@2x~ipad.png */; };
		6A8577DD199E4BCB001A8DF3 /* MGWUBackground-Landscape@2x~iphone.png in Resources */ = {isa = PBXBuildFile; fileRef = 6A857797199E4BCA001A8DF3 /* MGWUBackground-Landscape@2x~iphone.png */; };
		6A8577DE199E4BCB001A8DF3 /* MGWUBackground-Landscape~ipad.png in Resources */ = {isa = PBXBuildFile; fileRef = 6A857798199E4BCA001A8DF3 /* MGWUBackground-Landscape~ipad.png */; };
		6A8577DF199E4BCB001A8DF3 /* MGWUBackground-Landscape~iphone.png in Resources */ = {isa = PBXBuildFile; fileRef = 6A857799199E4BCA001A8DF3 /* MGWUBackground-Landscape~iphone.png */; };
		6A8577E0199E4BCB001A8DF3 /* MGWUBackground-Portrait@2x~ipad.png in Resources */ = {isa = PBXBuildFile; fileRef = 6A85779A199E4BCA001A8DF3 /* MGWUBackground-Portrait@2x~ipad.png */; };
		6A8577E1199E4BCB001A8DF3 /* MGWUBackground-Portrait@2x~iphone.png in Resources */ = {isa = PBXBuildFile; fileRef = 6A85779B199E4BCA001A8DF3 /* MGWUBackground-Portrait@2x~iphone.png */; };
		6A8577E2199E4BCB001A8DF3 /* MGWUBackground-Portrait~ipad.png in Resources */ = {isa = PBXBuildFile; fileRef = 6A85779C199E4BCA001A8DF3 /* MGWUBackground-Portrait~ipad.png */; };
		6A8577E3199E4BCB001A8DF3 /* MGWUBackground-Portrait~iphone.png in Resources */ = {isa = PBXBuildFile; fileRef = 6A85779D199E4BCA001A8DF3 /* MGWUBackground-Portrait~iphone.png */; };
		6A8577E4199E4BCB001A8DF3 /* MGWUBackgroundDark-Landscape@2x~ipad.png in Resources */ = {isa = PBXBuildFile; fileRef = 6A85779E199E4BCA001A8DF3 /* MGWUBackgroundDark-Landscape@2x~ipad.png */; };
		6A8577E5199E4BCB001A8DF3 /* MGWUBackgroundDark-Landscape@2x~iphone.png in Resources */ = {isa = PBXBuildFile; fileRef = 6A85779F199E4BCA001A8DF3 /* MGWUBackgroundDark-Landscape@2x~iphone.png */; };
		6A8577E6199E4BCB001A8DF3 /* MGWUBackgroundDark-Landscape~ipad.png in Resources */ = {isa = PBXBuildFile; fileRef = 6A8577A0199E4BCA001A8DF3 /* MGWUBackgroundDark-Landscape~ipad.png */; };
		6A8577E7199E4BCB001A8DF3 /* MGWUBackgroundDark-Landscape~iphone.png in Resources */ = {isa = PBXBuildFile; fileRef = 6A8577A1199E4BCA001A8DF3 /* MGWUBackgroundDark-Landscape~iphone.png */; };
		6A8577E8199E4BCB001A8DF3 /* MGWUBackgroundDark-Portrait@2x~ipad.png in Resources */ = {isa = PBXBuildFile; fileRef = 6A8577A2199E4BCA001A8DF3 /* MGWUBackgroundDark-Portrait@2x~ipad.png */; };
		6A8577E9199E4BCB001A8DF3 /* MGWUBackgroundDark-Portrait@2x~iphone.png in Resources */ = {isa = PBXBuildFile; fileRef = 6A8577A3199E4BCA001A8DF3 /* MGWUBackgroundDark-Portrait@2x~iphone.png */; };
		6A8577EA199E4BCB001A8DF3 /* MGWUBackgroundDark-Portrait~ipad.png in Resources */ = {isa = PBXBuildFile; fileRef = 6A8577A4199E4BCA001A8DF3 /* MGWUBackgroundDark-Portrait~ipad.png */; };
		6A8577EB199E4BCB001A8DF3 /* MGWUBackgroundDark-Portrait~iphone.png in Resources */ = {isa = PBXBuildFile; fileRef = 6A8577A5199E4BCA001A8DF3 /* MGWUBackgroundDark-Portrait~iphone.png */; };
		6A8577EC199E4BCB001A8DF3 /* MGWUClose.png in Resources */ = {isa = PBXBuildFile; fileRef = 6A8577A6199E4BCA001A8DF3 /* MGWUClose.png */; };
		6A8577ED199E4BCB001A8DF3 /* MGWUClose@2x.png in Resources */ = {isa = PBXBuildFile; fileRef = 6A8577A7199E4BCA001A8DF3 /* MGWUClose@2x.png */; };
		6A8577EE199E4BCB001A8DF3 /* MGWUFacebookLoginLandscape.nib in Resources */ = {isa = PBXBuildFile; fileRef = 6A8577A8199E4BCA001A8DF3 /* MGWUFacebookLoginLandscape.nib */; };
		6A8577EF199E4BCB001A8DF3 /* MGWUFacebookLoginLandscapeDark.nib in Resources */ = {isa = PBXBuildFile; fileRef = 6A8577A9199E4BCA001A8DF3 /* MGWUFacebookLoginLandscapeDark.nib */; };
		6A8577F0199E4BCB001A8DF3 /* MGWUFacebookLoginPortrait.nib in Resources */ = {isa = PBXBuildFile; fileRef = 6A8577AA199E4BCA001A8DF3 /* MGWUFacebookLoginPortrait.nib */; };
		6A8577F1199E4BCB001A8DF3 /* MGWUFacebookLoginPortraitDark.nib in Resources */ = {isa = PBXBuildFile; fileRef = 6A8577AB199E4BCB001A8DF3 /* MGWUFacebookLoginPortraitDark.nib */; };
		6A8577F2199E4BCB001A8DF3 /* mgwuLogo.png in Resources */ = {isa = PBXBuildFile; fileRef = 6A8577AC199E4BCB001A8DF3 /* mgwuLogo.png */; };
		6A8577F3199E4BCB001A8DF3 /* mgwuLogo@2x.png in Resources */ = {isa = PBXBuildFile; fileRef = 6A8577AD199E4BCB001A8DF3 /* mgwuLogo@2x.png */; };
		6A8577F4199E4BCB001A8DF3 /* mgwuLogoDark.png in Resources */ = {isa = PBXBuildFile; fileRef = 6A8577AE199E4BCB001A8DF3 /* mgwuLogoDark.png */; };
		6A8577F5199E4BCB001A8DF3 /* mgwuLogoDark@2x.png in Resources */ = {isa = PBXBuildFile; fileRef = 6A8577AF199E4BCB001A8DF3 /* mgwuLogoDark@2x.png */; };
		6A8577F6199E4BCB001A8DF3 /* mgwuPlaceholderIcon.png in Resources */ = {isa = PBXBuildFile; fileRef = 6A8577B0199E4BCB001A8DF3 /* mgwuPlaceholderIcon.png */; };
		6A8577F7199E4BCB001A8DF3 /* mgwuPlaceholderIcon@2x.png in Resources */ = {isa = PBXBuildFile; fileRef = 6A8577B1199E4BCB001A8DF3 /* mgwuPlaceholderIcon@2x.png */; };
		6A8577F8199E4BCB001A8DF3 /* mgwuPlaceholderIconDark.png in Resources */ = {isa = PBXBuildFile; fileRef = 6A8577B2199E4BCB001A8DF3 /* mgwuPlaceholderIconDark.png */; };
		6A8577F9199E4BCB001A8DF3 /* mgwuPlaceholderIconDark@2x.png in Resources */ = {isa = PBXBuildFile; fileRef = 6A8577B3199E4BCB001A8DF3 /* mgwuPlaceholderIconDark@2x.png */; };
		6A8577FA199E4BCB001A8DF3 /* operator.available.png in Resources */ = {isa = PBXBuildFile; fileRef = 6A8577B4199E4BCB001A8DF3 /* operator.available.png */; };
		6A8577FB199E4BCB001A8DF3 /* operator.connecting.png in Resources */ = {isa = PBXBuildFile; fileRef = 6A8577B5199E4BCB001A8DF3 /* operator.connecting.png */; };
		6A8577FC199E4BCB001A8DF3 /* operator.unavailable.png in Resources */ = {isa = PBXBuildFile; fileRef = 6A8577B6199E4BCB001A8DF3 /* operator.unavailable.png */; };
		6A8577FD199E4BCB001A8DF3 /* send-button-active.png in Resources */ = {isa = PBXBuildFile; fileRef = 6A8577B7199E4BCB001A8DF3 /* send-button-active.png */; };
		6A8577FE199E4BCB001A8DF3 /* send-button-inactive.png in Resources */ = {isa = PBXBuildFile; fileRef = 6A8577B8199E4BCB001A8DF3 /* send-button-inactive.png */; };
		6A8577FF199E4BCB001A8DF3 /* send-button-instate.png in Resources */ = {isa = PBXBuildFile; fileRef = 6A8577B9199E4BCB001A8DF3 /* send-button-instate.png */; };
		6A857800199E4BCB001A8DF3 /* send-field-landscape.png in Resources */ = {isa = PBXBuildFile; fileRef = 6A8577BA199E4BCB001A8DF3 /* send-field-landscape.png */; };
		6A857802199E4EF4001A8DF3 /* Images.xcassets in Resources */ = {isa = PBXBuildFile; fileRef = 6A857801199E4EF4001A8DF3 /* Images.xcassets */; };
		6A9104C3198A916B0051E41B /* Settings.m in Sources */ = {isa = PBXBuildFile; fileRef = 6A9104C2198A916B0051E41B /* Settings.m */; };
		6AA33A5F19746A7500358E54 /* Cup.m in Sources */ = {isa = PBXBuildFile; fileRef = 6AA33A5E19746A7500358E54 /* Cup.m */; };
		6AA45AD3199E5C62009236E2 /* CatNoise.wav in Resources */ = {isa = PBXBuildFile; fileRef = 6AA45AD2199E5C62009236E2 /* CatNoise.wav */; };
		6AA45AD7199EB3EE009236E2 /* Crashlytics.framework in Frameworks */ = {isa = PBXBuildFile; fileRef = 6AA45AD6199EB3EE009236E2 /* Crashlytics.framework */; };
		6AB0AC5E197030CE009816A7 /* Gameplay.m in Sources */ = {isa = PBXBuildFile; fileRef = 6AB0AC5D197030CE009816A7 /* Gameplay.m */; };
		8392007A18EE8E3300B6C429 /* GLKit.framework in Frameworks */ = {isa = PBXBuildFile; fileRef = 8392007918EE8E3300B6C429 /* GLKit.framework */; };
		B737893B180761570076A88C /* Published-iOS in Resources */ = {isa = PBXBuildFile; fileRef = B737893A180761570076A88C /* Published-iOS */; };
		B737893F1807617C0076A88C /* AppDelegate.m in Sources */ = {isa = PBXBuildFile; fileRef = B737893E1807617C0076A88C /* AppDelegate.m */; };
		B7378975180762440076A88C /* Default-568h@2x.png in Resources */ = {isa = PBXBuildFile; fileRef = B737896B180762440076A88C /* Default-568h@2x.png */; };
		B7378976180762440076A88C /* Default-Landscape~ipad.png in Resources */ = {isa = PBXBuildFile; fileRef = B737896C180762440076A88C /* Default-Landscape~ipad.png */; };
		B7378977180762440076A88C /* Default.png in Resources */ = {isa = PBXBuildFile; fileRef = B737896D180762440076A88C /* Default.png */; };
		B7378978180762440076A88C /* Default@2x.png in Resources */ = {isa = PBXBuildFile; fileRef = B737896E180762440076A88C /* Default@2x.png */; };
		B73789871807631A0076A88C /* main.m in Sources */ = {isa = PBXBuildFile; fileRef = B73789851807631A0076A88C /* main.m */; };
		B737898A1807642B0076A88C /* libcocos2d.a in Frameworks */ = {isa = PBXBuildFile; fileRef = B737894B180761A90076A88C /* libcocos2d.a */; };
		B7378994180767190076A88C /* MainScene.m in Sources */ = {isa = PBXBuildFile; fileRef = B7378993180767190076A88C /* MainScene.m */; };
		B77F1B3217B978D7009739AE /* QuartzCore.framework in Frameworks */ = {isa = PBXBuildFile; fileRef = B77F1B3117B978D7009739AE /* QuartzCore.framework */; };
		B77F1B3417B978D7009739AE /* OpenGLES.framework in Frameworks */ = {isa = PBXBuildFile; fileRef = B77F1B3317B978D7009739AE /* OpenGLES.framework */; };
		B77F1B3617B978D7009739AE /* OpenAL.framework in Frameworks */ = {isa = PBXBuildFile; fileRef = B77F1B3517B978D7009739AE /* OpenAL.framework */; };
		B77F1B3817B978D7009739AE /* AudioToolbox.framework in Frameworks */ = {isa = PBXBuildFile; fileRef = B77F1B3717B978D7009739AE /* AudioToolbox.framework */; };
		B77F1B3A17B978D7009739AE /* AVFoundation.framework in Frameworks */ = {isa = PBXBuildFile; fileRef = B77F1B3917B978D7009739AE /* AVFoundation.framework */; };
		B77F1B3C17B978D7009739AE /* UIKit.framework in Frameworks */ = {isa = PBXBuildFile; fileRef = B77F1B3B17B978D7009739AE /* UIKit.framework */; };
		B77F1B3E17B978D7009739AE /* Foundation.framework in Frameworks */ = {isa = PBXBuildFile; fileRef = B77F1B3D17B978D7009739AE /* Foundation.framework */; };
		B77F1B4017B978D7009739AE /* CoreGraphics.framework in Frameworks */ = {isa = PBXBuildFile; fileRef = B77F1B3F17B978D7009739AE /* CoreGraphics.framework */; };
		B77F1B4217B978D7009739AE /* CoreText.framework in Frameworks */ = {isa = PBXBuildFile; fileRef = B77F1B4117B978D7009739AE /* CoreText.framework */; };
/* End PBXBuildFile section */

/* Begin PBXContainerItemProxy section */
		B737894A180761A90076A88C /* PBXContainerItemProxy */ = {
			isa = PBXContainerItemProxy;
			containerPortal = B7378940180761A80076A88C /* cocos2d-ios.xcodeproj */;
			proxyType = 2;
			remoteGlobalIDString = 5018F24D0DFDEAC400C013A5;
			remoteInfo = cocos2d;
		};
		B7378988180764180076A88C /* PBXContainerItemProxy */ = {
			isa = PBXContainerItemProxy;
			containerPortal = B7378940180761A80076A88C /* cocos2d-ios.xcodeproj */;
			proxyType = 1;
			remoteGlobalIDString = 5018F24C0DFDEAC400C013A5;
			remoteInfo = cocos2d;
		};
/* End PBXContainerItemProxy section */

/* Begin PBXFileReference section */
		6A137A41199ED57400EE45D5 /* Images-2.xcassets */ = {isa = PBXFileReference; lastKnownFileType = folder.assetcatalog; name = "Images-2.xcassets"; path = "selinawang/Images-2.xcassets"; sourceTree = SOURCE_ROOT; };
		6A137A43199F200B00EE45D5 /* Tutorial.h */ = {isa = PBXFileReference; fileEncoding = 4; lastKnownFileType = sourcecode.c.h; name = Tutorial.h; path = Source/Tutorial.h; sourceTree = "<group>"; };
		6A137A44199F200B00EE45D5 /* Tutorial.m */ = {isa = PBXFileReference; fileEncoding = 4; lastKnownFileType = sourcecode.c.objc; name = Tutorial.m; path = Source/Tutorial.m; sourceTree = "<group>"; };
		6A321906197EA8C900648C5C /* CCPhysicsTouchNode.h */ = {isa = PBXFileReference; fileEncoding = 4; lastKnownFileType = sourcecode.c.h; path = CCPhysicsTouchNode.h; sourceTree = "<group>"; };
		6A321907197EA8C900648C5C /* CCPhysicsTouchNode.m */ = {isa = PBXFileReference; fileEncoding = 4; lastKnownFileType = sourcecode.c.objc; path = CCPhysicsTouchNode.m; sourceTree = "<group>"; };
		6A7CCEB1198035D800C2511C /* Cat.h */ = {isa = PBXFileReference; fileEncoding = 4; lastKnownFileType = sourcecode.c.h; name = Cat.h; path = Source/Cat.h; sourceTree = "<group>"; };
		6A7CCEB2198035D800C2511C /* Cat.m */ = {isa = PBXFileReference; fileEncoding = 4; lastKnownFileType = sourcecode.c.objc; name = Cat.m; path = Source/Cat.m; sourceTree = "<group>"; };
		6A7CCEB51980369400C2511C /* Ball.h */ = {isa = PBXFileReference; fileEncoding = 4; lastKnownFileType = sourcecode.c.h; name = Ball.h; path = Source/Ball.h; sourceTree = "<group>"; };
		6A7CCEB61980369400C2511C /* Ball.m */ = {isa = PBXFileReference; fileEncoding = 4; lastKnownFileType = sourcecode.c.objc; name = Ball.m; path = Source/Ball.m; sourceTree = "<group>"; };
		6A7F7DFB1982F66E00290813 /* Pause.h */ = {isa = PBXFileReference; fileEncoding = 4; lastKnownFileType = sourcecode.c.h; name = Pause.h; path = Source/Pause.h; sourceTree = "<group>"; };
		6A7F7DFC1982F66E00290813 /* Pause.m */ = {isa = PBXFileReference; fileEncoding = 4; lastKnownFileType = sourcecode.c.objc; name = Pause.m; path = Source/Pause.m; sourceTree = "<group>"; };
		6A7F7E0519894B7B00290813 /* GameOver.h */ = {isa = PBXFileReference; fileEncoding = 4; lastKnownFileType = sourcecode.c.h; name = GameOver.h; path = Source/GameOver.h; sourceTree = "<group>"; };
		6A7F7E0619894B7B00290813 /* GameOver.m */ = {isa = PBXFileReference; fileEncoding = 4; lastKnownFileType = sourcecode.c.objc; name = GameOver.m; path = Source/GameOver.m; sourceTree = "<group>"; };
		6A8576C4199DBC17001A8DF3 /* AppIcon29x29.png */ = {isa = PBXFileReference; lastKnownFileType = image.png; path = AppIcon29x29.png; sourceTree = "<group>"; };
		6A8576C5199DBC17001A8DF3 /* AppIcon29x29@2x.png */ = {isa = PBXFileReference; lastKnownFileType = image.png; path = "AppIcon29x29@2x.png"; sourceTree = "<group>"; };
		6A8576C6199DBC17001A8DF3 /* AppIcon40x40.png */ = {isa = PBXFileReference; lastKnownFileType = image.png; path = AppIcon40x40.png; sourceTree = "<group>"; };
		6A8576C7199DBC17001A8DF3 /* AppIcon40x40@2x.png */ = {isa = PBXFileReference; lastKnownFileType = image.png; path = "AppIcon40x40@2x.png"; sourceTree = "<group>"; };
		6A8576C8199DBC17001A8DF3 /* AppIcon50x50.png */ = {isa = PBXFileReference; lastKnownFileType = image.png; path = AppIcon50x50.png; sourceTree = "<group>"; };
		6A8576C9199DBC17001A8DF3 /* AppIcon50x50@2x.png */ = {isa = PBXFileReference; lastKnownFileType = image.png; path = "AppIcon50x50@2x.png"; sourceTree = "<group>"; };
		6A8576CA199DBC17001A8DF3 /* AppIcon57x57.png */ = {isa = PBXFileReference; lastKnownFileType = image.png; path = AppIcon57x57.png; sourceTree = "<group>"; };
		6A8576CB199DBC17001A8DF3 /* AppIcon57x57@2x.png */ = {isa = PBXFileReference; lastKnownFileType = image.png; path = "AppIcon57x57@2x.png"; sourceTree = "<group>"; };
		6A8576CC199DBC17001A8DF3 /* AppIcon60x60.png */ = {isa = PBXFileReference; lastKnownFileType = image.png; path = AppIcon60x60.png; sourceTree = "<group>"; };
		6A8576CD199DBC17001A8DF3 /* AppIcon60x60@2x.png */ = {isa = PBXFileReference; lastKnownFileType = image.png; path = "AppIcon60x60@2x.png"; sourceTree = "<group>"; };
		6A8576CE199DBC17001A8DF3 /* AppIcon72x72.png */ = {isa = PBXFileReference; lastKnownFileType = image.png; path = AppIcon72x72.png; sourceTree = "<group>"; };
		6A8576CF199DBC17001A8DF3 /* AppIcon72x72@2x.png */ = {isa = PBXFileReference; lastKnownFileType = image.png; path = "AppIcon72x72@2x.png"; sourceTree = "<group>"; };
		6A8576D0199DBC17001A8DF3 /* AppIcon76x76.png */ = {isa = PBXFileReference; lastKnownFileType = image.png; path = AppIcon76x76.png; sourceTree = "<group>"; };
		6A8576D1199DBC17001A8DF3 /* AppIcon76x76@2x.png */ = {isa = PBXFileReference; lastKnownFileType = image.png; path = "AppIcon76x76@2x.png"; sourceTree = "<group>"; };
		6A8576D2199DBC17001A8DF3 /* iTunesArtwork.png */ = {isa = PBXFileReference; lastKnownFileType = image.png; path = iTunesArtwork.png; sourceTree = "<group>"; };
		6A8576D3199DBC17001A8DF3 /* iTunesArtwork@2x.png */ = {isa = PBXFileReference; lastKnownFileType = image.png; path = "iTunesArtwork@2x.png"; sourceTree = "<group>"; };
		6A8576D4199E486E001A8DF3 /* libz.dylib */ = {isa = PBXFileReference; lastKnownFileType = "compiled.mach-o.dylib"; name = libz.dylib; path = usr/lib/libz.dylib; sourceTree = SDKROOT; };
		6A8576D6199E4876001A8DF3 /* MessageUI.framework */ = {isa = PBXFileReference; lastKnownFileType = wrapper.framework; name = MessageUI.framework; path = System/Library/Frameworks/MessageUI.framework; sourceTree = SDKROOT; };
		6A8576D8199E487F001A8DF3 /* Social.framework */ = {isa = PBXFileReference; lastKnownFileType = wrapper.framework; name = Social.framework; path = System/Library/Frameworks/Social.framework; sourceTree = SDKROOT; };
		6A8576DA199E4887001A8DF3 /* StoreKit.framework */ = {isa = PBXFileReference; lastKnownFileType = wrapper.framework; name = StoreKit.framework; path = System/Library/Frameworks/StoreKit.framework; sourceTree = SDKROOT; };
		6A8576DC199E4892001A8DF3 /* SystemConfiguration.framework */ = {isa = PBXFileReference; lastKnownFileType = wrapper.framework; name = SystemConfiguration.framework; path = System/Library/Frameworks/SystemConfiguration.framework; sourceTree = SDKROOT; };
		6A857774199E4BCA001A8DF3 /* mgwuSDK.framework */ = {isa = PBXFileReference; lastKnownFileType = wrapper.framework; path = mgwuSDK.framework; sourceTree = "<group>"; };
		6A857776199E4BCA001A8DF3 /* aqua.png */ = {isa = PBXFileReference; lastKnownFileType = image.png; path = aqua.png; sourceTree = "<group>"; };
		6A857777199E4BCA001A8DF3 /* bluechatbubble.png */ = {isa = PBXFileReference; lastKnownFileType = image.png; path = bluechatbubble.png; sourceTree = "<group>"; };
		6A857778199E4BCA001A8DF3 /* CrossPromoViewController.nib */ = {isa = PBXFileReference; lastKnownFileType = file.bplist; path = CrossPromoViewController.nib; sourceTree = "<group>"; };
		6A857779199E4BCA001A8DF3 /* FacebookIcon.png */ = {isa = PBXFileReference; lastKnownFileType = image.png; path = FacebookIcon.png; sourceTree = "<group>"; };
		6A85777A199E4BCA001A8DF3 /* fb_connect.png */ = {isa = PBXFileReference; lastKnownFileType = image.png; path = fb_connect.png; sourceTree = "<group>"; };
		6A85777B199E4BCA001A8DF3 /* FBLoginButton.png */ = {isa = PBXFileReference; lastKnownFileType = image.png; path = FBLoginButton.png; sourceTree = "<group>"; };
		6A85777C199E4BCA001A8DF3 /* FBLoginButton@2x.png */ = {isa = PBXFileReference; lastKnownFileType = image.png; path = "FBLoginButton@2x.png"; sourceTree = "<group>"; };
		6A85777D199E4BCA001A8DF3 /* FBLoginButtonPressed.png */ = {isa = PBXFileReference; lastKnownFileType = image.png; path = FBLoginButtonPressed.png; sourceTree = "<group>"; };
		6A85777E199E4BCA001A8DF3 /* FBLoginButtonPressed@2x.png */ = {isa = PBXFileReference; lastKnownFileType = image.png; path = "FBLoginButtonPressed@2x.png"; sourceTree = "<group>"; };
		6A85777F199E4BCA001A8DF3 /* FBNoThanksButton.png */ = {isa = PBXFileReference; lastKnownFileType = image.png; path = FBNoThanksButton.png; sourceTree = "<group>"; };
		6A857780199E4BCA001A8DF3 /* FBNoThanksButton@2x.png */ = {isa = PBXFileReference; lastKnownFileType = image.png; path = "FBNoThanksButton@2x.png"; sourceTree = "<group>"; };
		6A857781199E4BCA001A8DF3 /* FBNoThanksButtonPressed.png */ = {isa = PBXFileReference; lastKnownFileType = image.png; path = FBNoThanksButtonPressed.png; sourceTree = "<group>"; };
		6A857782199E4BCA001A8DF3 /* FBNoThanksButtonPressed@2x.png */ = {isa = PBXFileReference; lastKnownFileType = image.png; path = "FBNoThanksButtonPressed@2x.png"; sourceTree = "<group>"; };
		6A857783199E4BCA001A8DF3 /* green.png */ = {isa = PBXFileReference; lastKnownFileType = image.png; path = green.png; sourceTree = "<group>"; };
		6A857784199E4BCA001A8DF3 /* grey-background.png */ = {isa = PBXFileReference; lastKnownFileType = image.png; path = "grey-background.png"; sourceTree = "<group>"; };
		6A857785199E4BCA001A8DF3 /* hipmob.back.btn.png */ = {isa = PBXFileReference; lastKnownFileType = image.png; path = hipmob.back.btn.png; sourceTree = "<group>"; };
		6A857786199E4BCA001A8DF3 /* hipmob.send.png */ = {isa = PBXFileReference; lastKnownFileType = image.png; path = hipmob.send.png; sourceTree = "<group>"; };
		6A857787199E4BCA001A8DF3 /* hipmobsend_field.png */ = {isa = PBXFileReference; lastKnownFileType = image.png; path = hipmobsend_field.png; sourceTree = "<group>"; };
		6A857788199E4BCA001A8DF3 /* hipmobsend_field@2x.png */ = {isa = PBXFileReference; lastKnownFileType = image.png; path = "hipmobsend_field@2x.png"; sourceTree = "<group>"; };
		6A857789199E4BCA001A8DF3 /* mgwu-gk-notification.png */ = {isa = PBXFileReference; lastKnownFileType = image.png; path = "mgwu-gk-notification.png"; sourceTree = "<group>"; };
		6A85778A199E4BCA001A8DF3 /* mgwu-gk-notification@2x.png */ = {isa = PBXFileReference; lastKnownFileType = image.png; path = "mgwu-gk-notification@2x.png"; sourceTree = "<group>"; };
		6A85778B199E4BCA001A8DF3 /* mgwu-m.png */ = {isa = PBXFileReference; lastKnownFileType = image.png; path = "mgwu-m.png"; sourceTree = "<group>"; };
		6A85778C199E4BCA001A8DF3 /* mgwu-m@2x.png */ = {isa = PBXFileReference; lastKnownFileType = image.png; path = "mgwu-m@2x.png"; sourceTree = "<group>"; };
		6A85778D199E4BCA001A8DF3 /* MGWUAboutFooter-Landscape-568h@2x~iphone.png */ = {isa = PBXFileReference; lastKnownFileType = image.png; path = "MGWUAboutFooter-Landscape-568h@2x~iphone.png"; sourceTree = "<group>"; };
		6A85778E199E4BCA001A8DF3 /* MGWUAboutFooter-Landscape@2x~ipad.png */ = {isa = PBXFileReference; lastKnownFileType = image.png; path = "MGWUAboutFooter-Landscape@2x~ipad.png"; sourceTree = "<group>"; };
		6A85778F199E4BCA001A8DF3 /* MGWUAboutFooter-Landscape@2x~iphone.png */ = {isa = PBXFileReference; lastKnownFileType = image.png; path = "MGWUAboutFooter-Landscape@2x~iphone.png"; sourceTree = "<group>"; };
		6A857790199E4BCA001A8DF3 /* MGWUAboutFooter-Landscape~ipad.png */ = {isa = PBXFileReference; lastKnownFileType = image.png; path = "MGWUAboutFooter-Landscape~ipad.png"; sourceTree = "<group>"; };
		6A857791199E4BCA001A8DF3 /* MGWUAboutFooter-Landscape~iphone.png */ = {isa = PBXFileReference; lastKnownFileType = image.png; path = "MGWUAboutFooter-Landscape~iphone.png"; sourceTree = "<group>"; };
		6A857792199E4BCA001A8DF3 /* MGWUAboutFooter-Portrait@2x~ipad.png */ = {isa = PBXFileReference; lastKnownFileType = image.png; path = "MGWUAboutFooter-Portrait@2x~ipad.png"; sourceTree = "<group>"; };
		6A857793199E4BCA001A8DF3 /* MGWUAboutFooter-Portrait@2x~iphone.png */ = {isa = PBXFileReference; lastKnownFileType = image.png; path = "MGWUAboutFooter-Portrait@2x~iphone.png"; sourceTree = "<group>"; };
		6A857794199E4BCA001A8DF3 /* MGWUAboutFooter-Portrait~ipad.png */ = {isa = PBXFileReference; lastKnownFileType = image.png; path = "MGWUAboutFooter-Portrait~ipad.png"; sourceTree = "<group>"; };
		6A857795199E4BCA001A8DF3 /* MGWUAboutFooter-Portrait~iphone.png */ = {isa = PBXFileReference; lastKnownFileType = image.png; path = "MGWUAboutFooter-Portrait~iphone.png"; sourceTree = "<group>"; };
		6A857796199E4BCA001A8DF3 /* MGWUBackground-Landscape@2x~ipad.png */ = {isa = PBXFileReference; lastKnownFileType = image.png; path = "MGWUBackground-Landscape@2x~ipad.png"; sourceTree = "<group>"; };
		6A857797199E4BCA001A8DF3 /* MGWUBackground-Landscape@2x~iphone.png */ = {isa = PBXFileReference; lastKnownFileType = image.png; path = "MGWUBackground-Landscape@2x~iphone.png"; sourceTree = "<group>"; };
		6A857798199E4BCA001A8DF3 /* MGWUBackground-Landscape~ipad.png */ = {isa = PBXFileReference; lastKnownFileType = image.png; path = "MGWUBackground-Landscape~ipad.png"; sourceTree = "<group>"; };
		6A857799199E4BCA001A8DF3 /* MGWUBackground-Landscape~iphone.png */ = {isa = PBXFileReference; lastKnownFileType = image.png; path = "MGWUBackground-Landscape~iphone.png"; sourceTree = "<group>"; };
		6A85779A199E4BCA001A8DF3 /* MGWUBackground-Portrait@2x~ipad.png */ = {isa = PBXFileReference; lastKnownFileType = image.png; path = "MGWUBackground-Portrait@2x~ipad.png"; sourceTree = "<group>"; };
		6A85779B199E4BCA001A8DF3 /* MGWUBackground-Portrait@2x~iphone.png */ = {isa = PBXFileReference; lastKnownFileType = image.png; path = "MGWUBackground-Portrait@2x~iphone.png"; sourceTree = "<group>"; };
		6A85779C199E4BCA001A8DF3 /* MGWUBackground-Portrait~ipad.png */ = {isa = PBXFileReference; lastKnownFileType = image.png; path = "MGWUBackground-Portrait~ipad.png"; sourceTree = "<group>"; };
		6A85779D199E4BCA001A8DF3 /* MGWUBackground-Portrait~iphone.png */ = {isa = PBXFileReference; lastKnownFileType = image.png; path = "MGWUBackground-Portrait~iphone.png"; sourceTree = "<group>"; };
		6A85779E199E4BCA001A8DF3 /* MGWUBackgroundDark-Landscape@2x~ipad.png */ = {isa = PBXFileReference; lastKnownFileType = image.png; path = "MGWUBackgroundDark-Landscape@2x~ipad.png"; sourceTree = "<group>"; };
		6A85779F199E4BCA001A8DF3 /* MGWUBackgroundDark-Landscape@2x~iphone.png */ = {isa = PBXFileReference; lastKnownFileType = image.png; path = "MGWUBackgroundDark-Landscape@2x~iphone.png"; sourceTree = "<group>"; };
		6A8577A0199E4BCA001A8DF3 /* MGWUBackgroundDark-Landscape~ipad.png */ = {isa = PBXFileReference; lastKnownFileType = image.png; path = "MGWUBackgroundDark-Landscape~ipad.png"; sourceTree = "<group>"; };
		6A8577A1199E4BCA001A8DF3 /* MGWUBackgroundDark-Landscape~iphone.png */ = {isa = PBXFileReference; lastKnownFileType = image.png; path = "MGWUBackgroundDark-Landscape~iphone.png"; sourceTree = "<group>"; };
		6A8577A2199E4BCA001A8DF3 /* MGWUBackgroundDark-Portrait@2x~ipad.png */ = {isa = PBXFileReference; lastKnownFileType = image.png; path = "MGWUBackgroundDark-Portrait@2x~ipad.png"; sourceTree = "<group>"; };
		6A8577A3199E4BCA001A8DF3 /* MGWUBackgroundDark-Portrait@2x~iphone.png */ = {isa = PBXFileReference; lastKnownFileType = image.png; path = "MGWUBackgroundDark-Portrait@2x~iphone.png"; sourceTree = "<group>"; };
		6A8577A4199E4BCA001A8DF3 /* MGWUBackgroundDark-Portrait~ipad.png */ = {isa = PBXFileReference; lastKnownFileType = image.png; path = "MGWUBackgroundDark-Portrait~ipad.png"; sourceTree = "<group>"; };
		6A8577A5199E4BCA001A8DF3 /* MGWUBackgroundDark-Portrait~iphone.png */ = {isa = PBXFileReference; lastKnownFileType = image.png; path = "MGWUBackgroundDark-Portrait~iphone.png"; sourceTree = "<group>"; };
		6A8577A6199E4BCA001A8DF3 /* MGWUClose.png */ = {isa = PBXFileReference; lastKnownFileType = image.png; path = MGWUClose.png; sourceTree = "<group>"; };
		6A8577A7199E4BCA001A8DF3 /* MGWUClose@2x.png */ = {isa = PBXFileReference; lastKnownFileType = image.png; path = "MGWUClose@2x.png"; sourceTree = "<group>"; };
		6A8577A8199E4BCA001A8DF3 /* MGWUFacebookLoginLandscape.nib */ = {isa = PBXFileReference; lastKnownFileType = file.bplist; path = MGWUFacebookLoginLandscape.nib; sourceTree = "<group>"; };
		6A8577A9199E4BCA001A8DF3 /* MGWUFacebookLoginLandscapeDark.nib */ = {isa = PBXFileReference; lastKnownFileType = file.bplist; path = MGWUFacebookLoginLandscapeDark.nib; sourceTree = "<group>"; };
		6A8577AA199E4BCA001A8DF3 /* MGWUFacebookLoginPortrait.nib */ = {isa = PBXFileReference; lastKnownFileType = file.bplist; path = MGWUFacebookLoginPortrait.nib; sourceTree = "<group>"; };
		6A8577AB199E4BCB001A8DF3 /* MGWUFacebookLoginPortraitDark.nib */ = {isa = PBXFileReference; lastKnownFileType = file.bplist; path = MGWUFacebookLoginPortraitDark.nib; sourceTree = "<group>"; };
		6A8577AC199E4BCB001A8DF3 /* mgwuLogo.png */ = {isa = PBXFileReference; lastKnownFileType = image.png; path = mgwuLogo.png; sourceTree = "<group>"; };
		6A8577AD199E4BCB001A8DF3 /* mgwuLogo@2x.png */ = {isa = PBXFileReference; lastKnownFileType = image.png; path = "mgwuLogo@2x.png"; sourceTree = "<group>"; };
		6A8577AE199E4BCB001A8DF3 /* mgwuLogoDark.png */ = {isa = PBXFileReference; lastKnownFileType = image.png; path = mgwuLogoDark.png; sourceTree = "<group>"; };
		6A8577AF199E4BCB001A8DF3 /* mgwuLogoDark@2x.png */ = {isa = PBXFileReference; lastKnownFileType = image.png; path = "mgwuLogoDark@2x.png"; sourceTree = "<group>"; };
		6A8577B0199E4BCB001A8DF3 /* mgwuPlaceholderIcon.png */ = {isa = PBXFileReference; lastKnownFileType = image.png; path = mgwuPlaceholderIcon.png; sourceTree = "<group>"; };
		6A8577B1199E4BCB001A8DF3 /* mgwuPlaceholderIcon@2x.png */ = {isa = PBXFileReference; lastKnownFileType = image.png; path = "mgwuPlaceholderIcon@2x.png"; sourceTree = "<group>"; };
		6A8577B2199E4BCB001A8DF3 /* mgwuPlaceholderIconDark.png */ = {isa = PBXFileReference; lastKnownFileType = image.png; path = mgwuPlaceholderIconDark.png; sourceTree = "<group>"; };
		6A8577B3199E4BCB001A8DF3 /* mgwuPlaceholderIconDark@2x.png */ = {isa = PBXFileReference; lastKnownFileType = image.png; path = "mgwuPlaceholderIconDark@2x.png"; sourceTree = "<group>"; };
		6A8577B4199E4BCB001A8DF3 /* operator.available.png */ = {isa = PBXFileReference; lastKnownFileType = image.png; path = operator.available.png; sourceTree = "<group>"; };
		6A8577B5199E4BCB001A8DF3 /* operator.connecting.png */ = {isa = PBXFileReference; lastKnownFileType = image.png; path = operator.connecting.png; sourceTree = "<group>"; };
		6A8577B6199E4BCB001A8DF3 /* operator.unavailable.png */ = {isa = PBXFileReference; lastKnownFileType = image.png; path = operator.unavailable.png; sourceTree = "<group>"; };
		6A8577B7199E4BCB001A8DF3 /* send-button-active.png */ = {isa = PBXFileReference; lastKnownFileType = image.png; path = "send-button-active.png"; sourceTree = "<group>"; };
		6A8577B8199E4BCB001A8DF3 /* send-button-inactive.png */ = {isa = PBXFileReference; lastKnownFileType = image.png; path = "send-button-inactive.png"; sourceTree = "<group>"; };
		6A8577B9199E4BCB001A8DF3 /* send-button-instate.png */ = {isa = PBXFileReference; lastKnownFileType = image.png; path = "send-button-instate.png"; sourceTree = "<group>"; };
		6A8577BA199E4BCB001A8DF3 /* send-field-landscape.png */ = {isa = PBXFileReference; lastKnownFileType = image.png; path = "send-field-landscape.png"; sourceTree = "<group>"; };
		6A857801199E4EF4001A8DF3 /* Images.xcassets */ = {isa = PBXFileReference; lastKnownFileType = folder.assetcatalog; name = Images.xcassets; path = selinawang/Images.xcassets; sourceTree = SOURCE_ROOT; };
		6A9104C1198A916B0051E41B /* Settings.h */ = {isa = PBXFileReference; fileEncoding = 4; lastKnownFileType = sourcecode.c.h; name = Settings.h; path = Source/Settings.h; sourceTree = "<group>"; };
		6A9104C2198A916B0051E41B /* Settings.m */ = {isa = PBXFileReference; fileEncoding = 4; lastKnownFileType = sourcecode.c.objc; name = Settings.m; path = Source/Settings.m; sourceTree = "<group>"; };
		6AA33A5D19746A7500358E54 /* Cup.h */ = {isa = PBXFileReference; fileEncoding = 4; lastKnownFileType = sourcecode.c.h; name = Cup.h; path = Source/Cup.h; sourceTree = "<group>"; };
		6AA33A5E19746A7500358E54 /* Cup.m */ = {isa = PBXFileReference; fileEncoding = 4; lastKnownFileType = sourcecode.c.objc; name = Cup.m; path = Source/Cup.m; sourceTree = "<group>"; };
		6AA45AD2199E5C62009236E2 /* CatNoise.wav */ = {isa = PBXFileReference; lastKnownFileType = audio.wav; path = CatNoise.wav; sourceTree = "<group>"; };
		6AA45AD6199EB3EE009236E2 /* Crashlytics.framework */ = {isa = PBXFileReference; lastKnownFileType = wrapper.framework; path = Crashlytics.framework; sourceTree = "<group>"; };
		6AB0AC5C197030CE009816A7 /* Gameplay.h */ = {isa = PBXFileReference; fileEncoding = 4; lastKnownFileType = sourcecode.c.h; name = Gameplay.h; path = Source/Gameplay.h; sourceTree = "<group>"; };
		6AB0AC5D197030CE009816A7 /* Gameplay.m */ = {isa = PBXFileReference; fileEncoding = 4; lastKnownFileType = sourcecode.c.objc; name = Gameplay.m; path = Source/Gameplay.m; sourceTree = "<group>"; };
		8392007918EE8E3300B6C429 /* GLKit.framework */ = {isa = PBXFileReference; lastKnownFileType = wrapper.framework; name = GLKit.framework; path = System/Library/Frameworks/GLKit.framework; sourceTree = SDKROOT; };
		B737893A180761570076A88C /* Published-iOS */ = {isa = PBXFileReference; lastKnownFileType = folder; name = "Published-iOS"; path = "Source/Resources/Published-iOS"; sourceTree = SOURCE_ROOT; };
		B737893D1807617C0076A88C /* AppDelegate.h */ = {isa = PBXFileReference; fileEncoding = 4; lastKnownFileType = sourcecode.c.h; name = AppDelegate.h; path = Source/AppDelegate.h; sourceTree = "<group>"; };
		B737893E1807617C0076A88C /* AppDelegate.m */ = {isa = PBXFileReference; fileEncoding = 4; lastKnownFileType = sourcecode.c.objc; name = AppDelegate.m; path = Source/AppDelegate.m; sourceTree = "<group>"; };
		B7378940180761A80076A88C /* cocos2d-ios.xcodeproj */ = {isa = PBXFileReference; lastKnownFileType = "wrapper.pb-project"; name = "cocos2d-ios.xcodeproj"; path = "Source/libs/cocos2d-iphone/cocos2d-ios.xcodeproj"; sourceTree = SOURCE_ROOT; };
		B737896B180762440076A88C /* Default-568h@2x.png */ = {isa = PBXFileReference; lastKnownFileType = image.png; name = "Default-568h@2x.png"; path = "Source/Resources/Default-568h@2x.png"; sourceTree = SOURCE_ROOT; };
		B737896C180762440076A88C /* Default-Landscape~ipad.png */ = {isa = PBXFileReference; lastKnownFileType = image.png; name = "Default-Landscape~ipad.png"; path = "Source/Resources/Default-Landscape~ipad.png"; sourceTree = SOURCE_ROOT; };
		B737896D180762440076A88C /* Default.png */ = {isa = PBXFileReference; lastKnownFileType = image.png; name = Default.png; path = Source/Resources/Default.png; sourceTree = SOURCE_ROOT; };
		B737896E180762440076A88C /* Default@2x.png */ = {isa = PBXFileReference; lastKnownFileType = image.png; name = "Default@2x.png"; path = "Source/Resources/Default@2x.png"; sourceTree = SOURCE_ROOT; };
		B73789851807631A0076A88C /* main.m */ = {isa = PBXFileReference; fileEncoding = 4; lastKnownFileType = sourcecode.c.objc; name = main.m; path = Source/main.m; sourceTree = SOURCE_ROOT; };
		B73789861807631A0076A88C /* Prefix.pch */ = {isa = PBXFileReference; fileEncoding = 4; lastKnownFileType = sourcecode.c.h; name = Prefix.pch; path = Source/Prefix.pch; sourceTree = SOURCE_ROOT; };
		B7378992180767190076A88C /* MainScene.h */ = {isa = PBXFileReference; fileEncoding = 4; lastKnownFileType = sourcecode.c.h; name = MainScene.h; path = Source/MainScene.h; sourceTree = "<group>"; };
		B7378993180767190076A88C /* MainScene.m */ = {isa = PBXFileReference; fileEncoding = 4; lastKnownFileType = sourcecode.c.objc; name = MainScene.m; path = Source/MainScene.m; sourceTree = "<group>"; };
		B77F1B2E17B978D7009739AE /* selinawang.app */ = {isa = PBXFileReference; explicitFileType = wrapper.application; includeInIndex = 0; path = selinawang.app; sourceTree = BUILT_PRODUCTS_DIR; };
		B77F1B3117B978D7009739AE /* QuartzCore.framework */ = {isa = PBXFileReference; lastKnownFileType = wrapper.framework; name = QuartzCore.framework; path = System/Library/Frameworks/QuartzCore.framework; sourceTree = SDKROOT; };
		B77F1B3317B978D7009739AE /* OpenGLES.framework */ = {isa = PBXFileReference; lastKnownFileType = wrapper.framework; name = OpenGLES.framework; path = System/Library/Frameworks/OpenGLES.framework; sourceTree = SDKROOT; };
		B77F1B3517B978D7009739AE /* OpenAL.framework */ = {isa = PBXFileReference; lastKnownFileType = wrapper.framework; name = OpenAL.framework; path = System/Library/Frameworks/OpenAL.framework; sourceTree = SDKROOT; };
		B77F1B3717B978D7009739AE /* AudioToolbox.framework */ = {isa = PBXFileReference; lastKnownFileType = wrapper.framework; name = AudioToolbox.framework; path = System/Library/Frameworks/AudioToolbox.framework; sourceTree = SDKROOT; };
		B77F1B3917B978D7009739AE /* AVFoundation.framework */ = {isa = PBXFileReference; lastKnownFileType = wrapper.framework; name = AVFoundation.framework; path = System/Library/Frameworks/AVFoundation.framework; sourceTree = SDKROOT; };
		B77F1B3B17B978D7009739AE /* UIKit.framework */ = {isa = PBXFileReference; lastKnownFileType = wrapper.framework; name = UIKit.framework; path = System/Library/Frameworks/UIKit.framework; sourceTree = SDKROOT; };
		B77F1B3D17B978D7009739AE /* Foundation.framework */ = {isa = PBXFileReference; lastKnownFileType = wrapper.framework; name = Foundation.framework; path = System/Library/Frameworks/Foundation.framework; sourceTree = SDKROOT; };
		B77F1B3F17B978D7009739AE /* CoreGraphics.framework */ = {isa = PBXFileReference; lastKnownFileType = wrapper.framework; name = CoreGraphics.framework; path = System/Library/Frameworks/CoreGraphics.framework; sourceTree = SDKROOT; };
		B77F1B4117B978D7009739AE /* CoreText.framework */ = {isa = PBXFileReference; lastKnownFileType = wrapper.framework; name = CoreText.framework; path = System/Library/Frameworks/CoreText.framework; sourceTree = SDKROOT; };
		B7B3713D180358F1007369CC /* libObjectiveChipmunk.a */ = {isa = PBXFileReference; lastKnownFileType = archive.ar; name = libObjectiveChipmunk.a; path = "../libs/cocos2d-iphone/external/Chipmunk/xcode/build/Debug-iphoneos/libObjectiveChipmunk.a"; sourceTree = "<group>"; };
/* End PBXFileReference section */

/* Begin PBXFrameworksBuildPhase section */
		B77F1B2B17B978D7009739AE /* Frameworks */ = {
			isa = PBXFrameworksBuildPhase;
			buildActionMask = 2147483647;
			files = (
				6A8576DD199E4892001A8DF3 /* SystemConfiguration.framework in Frameworks */,
				6A8576DB199E4887001A8DF3 /* StoreKit.framework in Frameworks */,
				6A8576D9199E487F001A8DF3 /* Social.framework in Frameworks */,
				6A8576D7199E4876001A8DF3 /* MessageUI.framework in Frameworks */,
				6A8577BB199E4BCB001A8DF3 /* mgwuSDK.framework in Frameworks */,
				6A8576D5199E486E001A8DF3 /* libz.dylib in Frameworks */,
				8392007A18EE8E3300B6C429 /* GLKit.framework in Frameworks */,
				B737898A1807642B0076A88C /* libcocos2d.a in Frameworks */,
				B77F1B3217B978D7009739AE /* QuartzCore.framework in Frameworks */,
				B77F1B3417B978D7009739AE /* OpenGLES.framework in Frameworks */,
				6AA45AD7199EB3EE009236E2 /* Crashlytics.framework in Frameworks */,
				B77F1B3617B978D7009739AE /* OpenAL.framework in Frameworks */,
				B77F1B3817B978D7009739AE /* AudioToolbox.framework in Frameworks */,
				B77F1B3A17B978D7009739AE /* AVFoundation.framework in Frameworks */,
				B77F1B3C17B978D7009739AE /* UIKit.framework in Frameworks */,
				B77F1B3E17B978D7009739AE /* Foundation.framework in Frameworks */,
				B77F1B4017B978D7009739AE /* CoreGraphics.framework in Frameworks */,
				B77F1B4217B978D7009739AE /* CoreText.framework in Frameworks */,
			);
			runOnlyForDeploymentPostprocessing = 0;
		};
/* End PBXFrameworksBuildPhase section */

/* Begin PBXGroup section */
		6A8576C3199DBC17001A8DF3 /* App Icon [Squared] */ = {
			isa = PBXGroup;
			children = (
				6A8576C4199DBC17001A8DF3 /* AppIcon29x29.png */,
				6A8576C5199DBC17001A8DF3 /* AppIcon29x29@2x.png */,
				6A8576C6199DBC17001A8DF3 /* AppIcon40x40.png */,
				6A8576C7199DBC17001A8DF3 /* AppIcon40x40@2x.png */,
				6A8576C8199DBC17001A8DF3 /* AppIcon50x50.png */,
				6A8576C9199DBC17001A8DF3 /* AppIcon50x50@2x.png */,
				6A8576CA199DBC17001A8DF3 /* AppIcon57x57.png */,
				6A8576CB199DBC17001A8DF3 /* AppIcon57x57@2x.png */,
				6A8576CC199DBC17001A8DF3 /* AppIcon60x60.png */,
				6A8576CD199DBC17001A8DF3 /* AppIcon60x60@2x.png */,
				6A8576CE199DBC17001A8DF3 /* AppIcon72x72.png */,
				6A8576CF199DBC17001A8DF3 /* AppIcon72x72@2x.png */,
				6A8576D0199DBC17001A8DF3 /* AppIcon76x76.png */,
				6A8576D1199DBC17001A8DF3 /* AppIcon76x76@2x.png */,
				6A8576D2199DBC17001A8DF3 /* iTunesArtwork.png */,
				6A8576D3199DBC17001A8DF3 /* iTunesArtwork@2x.png */,
			);
			name = "App Icon [Squared]";
			path = "../../Artwork/App Icon [Squared]";
			sourceTree = "<group>";
		};
		6A857773199E4BCA001A8DF3 /* mgwuSDK.embeddedframework */ = {
			isa = PBXGroup;
			children = (
				6A857774199E4BCA001A8DF3 /* mgwuSDK.framework */,
				6A857775199E4BCA001A8DF3 /* Resources */,
			);
			path = mgwuSDK.embeddedframework;
			sourceTree = "<group>";
		};
		6A857775199E4BCA001A8DF3 /* Resources */ = {
			isa = PBXGroup;
			children = (
				6A857776199E4BCA001A8DF3 /* aqua.png */,
				6A857777199E4BCA001A8DF3 /* bluechatbubble.png */,
				6A857778199E4BCA001A8DF3 /* CrossPromoViewController.nib */,
				6A857779199E4BCA001A8DF3 /* FacebookIcon.png */,
				6A85777A199E4BCA001A8DF3 /* fb_connect.png */,
				6A85777B199E4BCA001A8DF3 /* FBLoginButton.png */,
				6A85777C199E4BCA001A8DF3 /* FBLoginButton@2x.png */,
				6A85777D199E4BCA001A8DF3 /* FBLoginButtonPressed.png */,
				6A85777E199E4BCA001A8DF3 /* FBLoginButtonPressed@2x.png */,
				6A85777F199E4BCA001A8DF3 /* FBNoThanksButton.png */,
				6A857780199E4BCA001A8DF3 /* FBNoThanksButton@2x.png */,
				6A857781199E4BCA001A8DF3 /* FBNoThanksButtonPressed.png */,
				6A857782199E4BCA001A8DF3 /* FBNoThanksButtonPressed@2x.png */,
				6A857783199E4BCA001A8DF3 /* green.png */,
				6A857784199E4BCA001A8DF3 /* grey-background.png */,
				6A857785199E4BCA001A8DF3 /* hipmob.back.btn.png */,
				6A857786199E4BCA001A8DF3 /* hipmob.send.png */,
				6A857787199E4BCA001A8DF3 /* hipmobsend_field.png */,
				6A857788199E4BCA001A8DF3 /* hipmobsend_field@2x.png */,
				6A857789199E4BCA001A8DF3 /* mgwu-gk-notification.png */,
				6A85778A199E4BCA001A8DF3 /* mgwu-gk-notification@2x.png */,
				6A85778B199E4BCA001A8DF3 /* mgwu-m.png */,
				6A85778C199E4BCA001A8DF3 /* mgwu-m@2x.png */,
				6A85778D199E4BCA001A8DF3 /* MGWUAboutFooter-Landscape-568h@2x~iphone.png */,
				6A85778E199E4BCA001A8DF3 /* MGWUAboutFooter-Landscape@2x~ipad.png */,
				6A85778F199E4BCA001A8DF3 /* MGWUAboutFooter-Landscape@2x~iphone.png */,
				6A857790199E4BCA001A8DF3 /* MGWUAboutFooter-Landscape~ipad.png */,
				6A857791199E4BCA001A8DF3 /* MGWUAboutFooter-Landscape~iphone.png */,
				6A857792199E4BCA001A8DF3 /* MGWUAboutFooter-Portrait@2x~ipad.png */,
				6A857793199E4BCA001A8DF3 /* MGWUAboutFooter-Portrait@2x~iphone.png */,
				6A857794199E4BCA001A8DF3 /* MGWUAboutFooter-Portrait~ipad.png */,
				6A857795199E4BCA001A8DF3 /* MGWUAboutFooter-Portrait~iphone.png */,
				6A857796199E4BCA001A8DF3 /* MGWUBackground-Landscape@2x~ipad.png */,
				6A857797199E4BCA001A8DF3 /* MGWUBackground-Landscape@2x~iphone.png */,
				6A857798199E4BCA001A8DF3 /* MGWUBackground-Landscape~ipad.png */,
				6A857799199E4BCA001A8DF3 /* MGWUBackground-Landscape~iphone.png */,
				6A85779A199E4BCA001A8DF3 /* MGWUBackground-Portrait@2x~ipad.png */,
				6A85779B199E4BCA001A8DF3 /* MGWUBackground-Portrait@2x~iphone.png */,
				6A85779C199E4BCA001A8DF3 /* MGWUBackground-Portrait~ipad.png */,
				6A85779D199E4BCA001A8DF3 /* MGWUBackground-Portrait~iphone.png */,
				6A85779E199E4BCA001A8DF3 /* MGWUBackgroundDark-Landscape@2x~ipad.png */,
				6A85779F199E4BCA001A8DF3 /* MGWUBackgroundDark-Landscape@2x~iphone.png */,
				6A8577A0199E4BCA001A8DF3 /* MGWUBackgroundDark-Landscape~ipad.png */,
				6A8577A1199E4BCA001A8DF3 /* MGWUBackgroundDark-Landscape~iphone.png */,
				6A8577A2199E4BCA001A8DF3 /* MGWUBackgroundDark-Portrait@2x~ipad.png */,
				6A8577A3199E4BCA001A8DF3 /* MGWUBackgroundDark-Portrait@2x~iphone.png */,
				6A8577A4199E4BCA001A8DF3 /* MGWUBackgroundDark-Portrait~ipad.png */,
				6A8577A5199E4BCA001A8DF3 /* MGWUBackgroundDark-Portrait~iphone.png */,
				6A8577A6199E4BCA001A8DF3 /* MGWUClose.png */,
				6A8577A7199E4BCA001A8DF3 /* MGWUClose@2x.png */,
				6A8577A8199E4BCA001A8DF3 /* MGWUFacebookLoginLandscape.nib */,
				6A8577A9199E4BCA001A8DF3 /* MGWUFacebookLoginLandscapeDark.nib */,
				6A8577AA199E4BCA001A8DF3 /* MGWUFacebookLoginPortrait.nib */,
				6A8577AB199E4BCB001A8DF3 /* MGWUFacebookLoginPortraitDark.nib */,
				6A8577AC199E4BCB001A8DF3 /* mgwuLogo.png */,
				6A8577AD199E4BCB001A8DF3 /* mgwuLogo@2x.png */,
				6A8577AE199E4BCB001A8DF3 /* mgwuLogoDark.png */,
				6A8577AF199E4BCB001A8DF3 /* mgwuLogoDark@2x.png */,
				6A8577B0199E4BCB001A8DF3 /* mgwuPlaceholderIcon.png */,
				6A8577B1199E4BCB001A8DF3 /* mgwuPlaceholderIcon@2x.png */,
				6A8577B2199E4BCB001A8DF3 /* mgwuPlaceholderIconDark.png */,
				6A8577B3199E4BCB001A8DF3 /* mgwuPlaceholderIconDark@2x.png */,
				6A8577B4199E4BCB001A8DF3 /* operator.available.png */,
				6A8577B5199E4BCB001A8DF3 /* operator.connecting.png */,
				6A8577B6199E4BCB001A8DF3 /* operator.unavailable.png */,
				6A8577B7199E4BCB001A8DF3 /* send-button-active.png */,
				6A8577B8199E4BCB001A8DF3 /* send-button-inactive.png */,
				6A8577B9199E4BCB001A8DF3 /* send-button-instate.png */,
				6A8577BA199E4BCB001A8DF3 /* send-field-landscape.png */,
			);
			path = Resources;
			sourceTree = "<group>";
		};
		9222E2B918734FF800A246C7 /* libs */ = {
			isa = PBXGroup;
			children = (
				B7378940180761A80076A88C /* cocos2d-ios.xcodeproj */,
			);
			name = libs;
			sourceTree = "<group>";
		};
		B737893C1807616C0076A88C /* Source */ = {
			isa = PBXGroup;
			children = (
				B737893D1807617C0076A88C /* AppDelegate.h */,
				B737893E1807617C0076A88C /* AppDelegate.m */,
				B7378992180767190076A88C /* MainScene.h */,
				B7378993180767190076A88C /* MainScene.m */,
				6A7F7DFB1982F66E00290813 /* Pause.h */,
				6A7F7DFC1982F66E00290813 /* Pause.m */,
				6A9104C1198A916B0051E41B /* Settings.h */,
				6A9104C2198A916B0051E41B /* Settings.m */,
				6AB0AC5C197030CE009816A7 /* Gameplay.h */,
				6AB0AC5D197030CE009816A7 /* Gameplay.m */,
				6A7F7E0519894B7B00290813 /* GameOver.h */,
				6A7F7E0619894B7B00290813 /* GameOver.m */,
				6AA33A5D19746A7500358E54 /* Cup.h */,
				6AA33A5E19746A7500358E54 /* Cup.m */,
				6A7CCEB1198035D800C2511C /* Cat.h */,
				6A7CCEB2198035D800C2511C /* Cat.m */,
				6A7CCEB51980369400C2511C /* Ball.h */,
				6A7CCEB61980369400C2511C /* Ball.m */,
				6A137A43199F200B00EE45D5 /* Tutorial.h */,
				6A137A44199F200B00EE45D5 /* Tutorial.m */,
				6A321906197EA8C900648C5C /* CCPhysicsTouchNode.h */,
				6A321907197EA8C900648C5C /* CCPhysicsTouchNode.m */,
			);
			name = Source;
			sourceTree = "<group>";
		};
		B7378941180761A80076A88C /* Products */ = {
			isa = PBXGroup;
			children = (
				B737894B180761A90076A88C /* libcocos2d.a */,
			);
			name = Products;
			sourceTree = "<group>";
		};
		B73789911807667A0076A88C /* Icons */ = {
			isa = PBXGroup;
			children = (
				B737896B180762440076A88C /* Default-568h@2x.png */,
				B737896C180762440076A88C /* Default-Landscape~ipad.png */,
				B737896D180762440076A88C /* Default.png */,
				B737896E180762440076A88C /* Default@2x.png */,
			);
			name = Icons;
			sourceTree = "<group>";
		};
		B77F1B2517B978D7009739AE = {
			isa = PBXGroup;
			children = (
				6AA45AD2199E5C62009236E2 /* CatNoise.wav */,
				B737893C1807616C0076A88C /* Source */,
				B77F1B4617B978D7009739AE /* Resources */,
				9222E2B918734FF800A246C7 /* libs */,
				B77F1CCF17B978D8009739AE /* Supporting Files */,
				B77F1B3017B978D7009739AE /* Frameworks */,
				B77F1B2F17B978D7009739AE /* Products */,
			);
			sourceTree = "<group>";
		};
		B77F1B2F17B978D7009739AE /* Products */ = {
			isa = PBXGroup;
			children = (
				B77F1B2E17B978D7009739AE /* selinawang.app */,
			);
			name = Products;
			sourceTree = "<group>";
		};
		B77F1B3017B978D7009739AE /* Frameworks */ = {
			isa = PBXGroup;
			children = (
				6AA45AD6199EB3EE009236E2 /* Crashlytics.framework */,
				6A857773199E4BCA001A8DF3 /* mgwuSDK.embeddedframework */,
				6A8576DC199E4892001A8DF3 /* SystemConfiguration.framework */,
				6A8576DA199E4887001A8DF3 /* StoreKit.framework */,
				6A8576D8199E487F001A8DF3 /* Social.framework */,
				6A8576D6199E4876001A8DF3 /* MessageUI.framework */,
				6A8576D4199E486E001A8DF3 /* libz.dylib */,
				8392007918EE8E3300B6C429 /* GLKit.framework */,
				B7B3713D180358F1007369CC /* libObjectiveChipmunk.a */,
				B77F1B3117B978D7009739AE /* QuartzCore.framework */,
				B77F1B3317B978D7009739AE /* OpenGLES.framework */,
				B77F1B3517B978D7009739AE /* OpenAL.framework */,
				B77F1B3717B978D7009739AE /* AudioToolbox.framework */,
				B77F1B3917B978D7009739AE /* AVFoundation.framework */,
				B77F1B3B17B978D7009739AE /* UIKit.framework */,
				B77F1B3D17B978D7009739AE /* Foundation.framework */,
				B77F1B3F17B978D7009739AE /* CoreGraphics.framework */,
				B77F1B4117B978D7009739AE /* CoreText.framework */,
			);
			name = Frameworks;
			sourceTree = "<group>";
		};
		B77F1B4617B978D7009739AE /* Resources */ = {
			isa = PBXGroup;
			children = (
				6A137A41199ED57400EE45D5 /* Images-2.xcassets */,
				6A857801199E4EF4001A8DF3 /* Images.xcassets */,
				6A8576C3199DBC17001A8DF3 /* App Icon [Squared] */,
				B73789911807667A0076A88C /* Icons */,
				B737893A180761570076A88C /* Published-iOS */,
			);
			name = Resources;
			path = Source/Resources;
			sourceTree = "<group>";
		};
		B77F1CCF17B978D8009739AE /* Supporting Files */ = {
			isa = PBXGroup;
			children = (
				B73789851807631A0076A88C /* main.m */,
				B73789861807631A0076A88C /* Prefix.pch */,
			);
			name = "Supporting Files";
			sourceTree = "<group>";
		};
/* End PBXGroup section */

/* Begin PBXNativeTarget section */
		B77F1B2D17B978D7009739AE /* selinawang */ = {
			isa = PBXNativeTarget;
			buildConfigurationList = B77F1CDE17B978D8009739AE /* Build configuration list for PBXNativeTarget "selinawang" */;
			buildPhases = (
				D2E0167A18D782EC00927430 /* Run Script */,
				B77F1B2A17B978D7009739AE /* Sources */,
				B77F1B2B17B978D7009739AE /* Frameworks */,
				B77F1B2C17B978D7009739AE /* Resources */,
				6AA45AD5199EB37C009236E2 /* ShellScript */,
			);
			buildRules = (
			);
			dependencies = (
				B7378989180764180076A88C /* PBXTargetDependency */,
			);
			name = selinawang;
			productName = Example;
			productReference = B77F1B2E17B978D7009739AE /* selinawang.app */;
			productType = "com.apple.product-type.application";
		};
/* End PBXNativeTarget section */

/* Begin PBXProject section */
		B77F1B2617B978D7009739AE /* Project object */ = {
			isa = PBXProject;
			attributes = {
				LastUpgradeCheck = 0510;
				ORGANIZATIONNAME = Apportable;
				TargetAttributes = {
					B77F1B2D17B978D7009739AE = {
						DevelopmentTeam = SBVP8ED765;
						SystemCapabilities = {
							com.apple.GameCenter = {
								enabled = 0;
							};
						};
					};
				};
			};
			buildConfigurationList = B77F1B2917B978D7009739AE /* Build configuration list for PBXProject "selinawang" */;
			compatibilityVersion = "Xcode 3.2";
			developmentRegion = English;
			hasScannedForEncodings = 0;
			knownRegions = (
				en,
			);
			mainGroup = B77F1B2517B978D7009739AE;
			productRefGroup = B77F1B2F17B978D7009739AE /* Products */;
			projectDirPath = "";
			projectReferences = (
				{
					ProductGroup = B7378941180761A80076A88C /* Products */;
					ProjectRef = B7378940180761A80076A88C /* cocos2d-ios.xcodeproj */;
				},
			);
			projectRoot = "";
			targets = (
				B77F1B2D17B978D7009739AE /* selinawang */,
			);
		};
/* End PBXProject section */

/* Begin PBXReferenceProxy section */
		B737894B180761A90076A88C /* libcocos2d.a */ = {
			isa = PBXReferenceProxy;
			fileType = archive.ar;
			path = libcocos2d.a;
			remoteRef = B737894A180761A90076A88C /* PBXContainerItemProxy */;
			sourceTree = BUILT_PRODUCTS_DIR;
		};
/* End PBXReferenceProxy section */

/* Begin PBXResourcesBuildPhase section */
		B77F1B2C17B978D7009739AE /* Resources */ = {
			isa = PBXResourcesBuildPhase;
			buildActionMask = 2147483647;
			files = (
				6A8577C1199E4BCB001A8DF3 /* FBLoginButton.png in Resources */,
				6A8577C7199E4BCB001A8DF3 /* FBNoThanksButtonPressed.png in Resources */,
				6A8577F2199E4BCB001A8DF3 /* mgwuLogo.png in Resources */,
				6A8577C4199E4BCB001A8DF3 /* FBLoginButtonPressed@2x.png in Resources */,
				6A8577F6199E4BCB001A8DF3 /* mgwuPlaceholderIcon.png in Resources */,
				6A8577F5199E4BCB001A8DF3 /* mgwuLogoDark@2x.png in Resources */,
				6A8577D5199E4BCB001A8DF3 /* MGWUAboutFooter-Landscape@2x~iphone.png in Resources */,
				6A8577CC199E4BCB001A8DF3 /* hipmob.send.png in Resources */,
				6A8577C6199E4BCB001A8DF3 /* FBNoThanksButton@2x.png in Resources */,
				6A8577BE199E4BCB001A8DF3 /* CrossPromoViewController.nib in Resources */,
				6A8577E0199E4BCB001A8DF3 /* MGWUBackground-Portrait@2x~ipad.png in Resources */,
				6A8577E4199E4BCB001A8DF3 /* MGWUBackgroundDark-Landscape@2x~ipad.png in Resources */,
				6A8577CF199E4BCB001A8DF3 /* mgwu-gk-notification.png in Resources */,
				6A8577C8199E4BCB001A8DF3 /* FBNoThanksButtonPressed@2x.png in Resources */,
				6A8577C5199E4BCB001A8DF3 /* FBNoThanksButton.png in Resources */,
				6A8577D9199E4BCB001A8DF3 /* MGWUAboutFooter-Portrait@2x~iphone.png in Resources */,
				6A8577FB199E4BCB001A8DF3 /* operator.connecting.png in Resources */,
				6A8577DC199E4BCB001A8DF3 /* MGWUBackground-Landscape@2x~ipad.png in Resources */,
				6A8577C2199E4BCB001A8DF3 /* FBLoginButton@2x.png in Resources */,
				6A8577F9199E4BCB001A8DF3 /* mgwuPlaceholderIconDark@2x.png in Resources */,
				6A8577DA199E4BCB001A8DF3 /* MGWUAboutFooter-Portrait~ipad.png in Resources */,
				6A8577D6199E4BCB001A8DF3 /* MGWUAboutFooter-Landscape~ipad.png in Resources */,
				6A8577E5199E4BCB001A8DF3 /* MGWUBackgroundDark-Landscape@2x~iphone.png in Resources */,
				B7378978180762440076A88C /* Default@2x.png in Resources */,
				6A8577D3199E4BCB001A8DF3 /* MGWUAboutFooter-Landscape-568h@2x~iphone.png in Resources */,
				6A8577C0199E4BCB001A8DF3 /* fb_connect.png in Resources */,
				6A8577F1199E4BCB001A8DF3 /* MGWUFacebookLoginPortraitDark.nib in Resources */,
				6A8577FF199E4BCB001A8DF3 /* send-button-instate.png in Resources */,
				6A8577DB199E4BCB001A8DF3 /* MGWUAboutFooter-Portrait~iphone.png in Resources */,
				6A8577D0199E4BCB001A8DF3 /* mgwu-gk-notification@2x.png in Resources */,
				6A857802199E4EF4001A8DF3 /* Images.xcassets in Resources */,
				B737893B180761570076A88C /* Published-iOS in Resources */,
				6A8577BD199E4BCB001A8DF3 /* bluechatbubble.png in Resources */,
				6A8577EC199E4BCB001A8DF3 /* MGWUClose.png in Resources */,
				6A8577E2199E4BCB001A8DF3 /* MGWUBackground-Portrait~ipad.png in Resources */,
				6A8577F3199E4BCB001A8DF3 /* mgwuLogo@2x.png in Resources */,
				6A8577CD199E4BCB001A8DF3 /* hipmobsend_field.png in Resources */,
				6A8577C9199E4BCB001A8DF3 /* green.png in Resources */,
				6A8577D8199E4BCB001A8DF3 /* MGWUAboutFooter-Portrait@2x~ipad.png in Resources */,
				6A8577DF199E4BCB001A8DF3 /* MGWUBackground-Landscape~iphone.png in Resources */,
				6A8577C3199E4BCB001A8DF3 /* FBLoginButtonPressed.png in Resources */,
				6A8577F0199E4BCB001A8DF3 /* MGWUFacebookLoginPortrait.nib in Resources */,
				6A8577D2199E4BCB001A8DF3 /* mgwu-m@2x.png in Resources */,
				6A8577E1199E4BCB001A8DF3 /* MGWUBackground-Portrait@2x~iphone.png in Resources */,
				B7378976180762440076A88C /* Default-Landscape~ipad.png in Resources */,
				6A8577FD199E4BCB001A8DF3 /* send-button-active.png in Resources */,
				6A8577E3199E4BCB001A8DF3 /* MGWUBackground-Portrait~iphone.png in Resources */,
				6A8577DE199E4BCB001A8DF3 /* MGWUBackground-Landscape~ipad.png in Resources */,
				6A8577FA199E4BCB001A8DF3 /* operator.available.png in Resources */,
				6A8577EB199E4BCB001A8DF3 /* MGWUBackgroundDark-Portrait~iphone.png in Resources */,
				6A8577F8199E4BCB001A8DF3 /* mgwuPlaceholderIconDark.png in Resources */,
				6A8577D4199E4BCB001A8DF3 /* MGWUAboutFooter-Landscape@2x~ipad.png in Resources */,
				6A857800199E4BCB001A8DF3 /* send-field-landscape.png in Resources */,
				B7378975180762440076A88C /* Default-568h@2x.png in Resources */,
				6A8577DD199E4BCB001A8DF3 /* MGWUBackground-Landscape@2x~iphone.png in Resources */,
				6A8577EF199E4BCB001A8DF3 /* MGWUFacebookLoginLandscapeDark.nib in Resources */,
				6AA45AD3199E5C62009236E2 /* CatNoise.wav in Resources */,
				6A8577E6199E4BCB001A8DF3 /* MGWUBackgroundDark-Landscape~ipad.png in Resources */,
				6A8577BC199E4BCB001A8DF3 /* aqua.png in Resources */,
				6A8577CE199E4BCB001A8DF3 /* hipmobsend_field@2x.png in Resources */,
				6A8577E9199E4BCB001A8DF3 /* MGWUBackgroundDark-Portrait@2x~iphone.png in Resources */,
				6A8577CB199E4BCB001A8DF3 /* hipmob.back.btn.png in Resources */,
				B7378977180762440076A88C /* Default.png in Resources */,
				6A8577E7199E4BCB001A8DF3 /* MGWUBackgroundDark-Landscape~iphone.png in Resources */,
				6A8577F7199E4BCB001A8DF3 /* mgwuPlaceholderIcon@2x.png in Resources */,
				6A8577ED199E4BCB001A8DF3 /* MGWUClose@2x.png in Resources */,
				6A8577EE199E4BCB001A8DF3 /* MGWUFacebookLoginLandscape.nib in Resources */,
				6A8577D1199E4BCB001A8DF3 /* mgwu-m.png in Resources */,
				6A8577F4199E4BCB001A8DF3 /* mgwuLogoDark.png in Resources */,
				6A8577FC199E4BCB001A8DF3 /* operator.unavailable.png in Resources */,
				6A8577BF199E4BCB001A8DF3 /* FacebookIcon.png in Resources */,
				6A8577E8199E4BCB001A8DF3 /* MGWUBackgroundDark-Portrait@2x~ipad.png in Resources */,
				6A137A42199ED57400EE45D5 /* Images-2.xcassets in Resources */,
				6A8577EA199E4BCB001A8DF3 /* MGWUBackgroundDark-Portrait~ipad.png in Resources */,
				6A8577D7199E4BCB001A8DF3 /* MGWUAboutFooter-Landscape~iphone.png in Resources */,
				6A8577CA199E4BCB001A8DF3 /* grey-background.png in Resources */,
				6A8577FE199E4BCB001A8DF3 /* send-button-inactive.png in Resources */,
			);
			runOnlyForDeploymentPostprocessing = 0;
		};
/* End PBXResourcesBuildPhase section */

/* Begin PBXShellScriptBuildPhase section */
		6AA45AD5199EB37C009236E2 /* ShellScript */ = {
			isa = PBXShellScriptBuildPhase;
			buildActionMask = 2147483647;
			files = (
			);
			inputPaths = (
			);
			outputPaths = (
			);
			runOnlyForDeploymentPostprocessing = 0;
			shellPath = /bin/sh;
			shellScript = "./Crashlytics.framework/run 6d9ecb019e2413cd4e644d50f23913ed1c8fb45c 5074600867ebd220608b0e093026be994f7ee025e0f5cb1e1f81f36f238ebe41";
		};
		D2E0167A18D782EC00927430 /* Run Script */ = {
			isa = PBXShellScriptBuildPhase;
			buildActionMask = 2147483647;
			files = (
			);
			inputPaths = (
			);
			name = "Run Script";
			outputPaths = (
			);
			runOnlyForDeploymentPostprocessing = 0;
			shellPath = /bin/sh;
			shellScript = "";
		};
/* End PBXShellScriptBuildPhase section */

/* Begin PBXSourcesBuildPhase section */
		B77F1B2A17B978D7009739AE /* Sources */ = {
			isa = PBXSourcesBuildPhase;
			buildActionMask = 2147483647;
			files = (
				B737893F1807617C0076A88C /* AppDelegate.m in Sources */,
				6A7F7E0719894B7B00290813 /* GameOver.m in Sources */,
				6AA33A5F19746A7500358E54 /* Cup.m in Sources */,
				6A9104C3198A916B0051E41B /* Settings.m in Sources */,
				6A7CCEB3198035D800C2511C /* Cat.m in Sources */,
				6A137A45199F200B00EE45D5 /* Tutorial.m in Sources */,
				6AB0AC5E197030CE009816A7 /* Gameplay.m in Sources */,
				6A7CCEB71980369400C2511C /* Ball.m in Sources */,
				B7378994180767190076A88C /* MainScene.m in Sources */,
				6A7F7DFD1982F66E00290813 /* Pause.m in Sources */,
				B73789871807631A0076A88C /* main.m in Sources */,
				6A321908197EA8C900648C5C /* CCPhysicsTouchNode.m in Sources */,
			);
			runOnlyForDeploymentPostprocessing = 0;
		};
/* End PBXSourcesBuildPhase section */

/* Begin PBXTargetDependency section */
		B7378989180764180076A88C /* PBXTargetDependency */ = {
			isa = PBXTargetDependency;
			name = cocos2d;
			targetProxy = B7378988180764180076A88C /* PBXContainerItemProxy */;
		};
/* End PBXTargetDependency section */

/* Begin XCBuildConfiguration section */
		B77F1CDC17B978D8009739AE /* Debug */ = {
			isa = XCBuildConfiguration;
			buildSettings = {
				CLANG_WARN_BOOL_CONVERSION = YES;
				CLANG_WARN_CONSTANT_CONVERSION = YES;
				CLANG_WARN_EMPTY_BODY = YES;
				CLANG_WARN_ENUM_CONVERSION = YES;
				CLANG_WARN_INT_CONVERSION = YES;
				CLANG_WARN__DUPLICATE_METHOD_MATCH = YES;
				"CODE_SIGN_IDENTITY[sdk=iphoneos*]" = "iPhone Developer";
				GCC_C_LANGUAGE_STANDARD = gnu99;
				GCC_OPTIMIZATION_LEVEL = 0;
				GCC_PREPROCESSOR_DEFINITIONS = (
					DEBUG,
					"COCOS2D_DEBUG=1",
				);
				GCC_SYMBOLS_PRIVATE_EXTERN = NO;
				GCC_VERSION = com.apple.compilers.llvm.clang.1_0;
				GCC_WARN_64_TO_32_BIT_CONVERSION = YES;
				GCC_WARN_ABOUT_RETURN_TYPE = YES;
				GCC_WARN_UNDECLARED_SELECTOR = YES;
				GCC_WARN_UNINITIALIZED_AUTOS = YES;
				GCC_WARN_UNUSED_FUNCTION = YES;
				GCC_WARN_UNUSED_VARIABLE = YES;
				IPHONEOS_DEPLOYMENT_TARGET = 4.0;
				ONLY_ACTIVE_ARCH = YES;
				SDKROOT = iphoneos;
				TARGETED_DEVICE_FAMILY = "1,2";
			};
			name = Debug;
		};
		B77F1CDD17B978D8009739AE /* Release */ = {
			isa = XCBuildConfiguration;
			buildSettings = {
				CLANG_WARN_BOOL_CONVERSION = YES;
				CLANG_WARN_CONSTANT_CONVERSION = YES;
				CLANG_WARN_EMPTY_BODY = YES;
				CLANG_WARN_ENUM_CONVERSION = YES;
				CLANG_WARN_INT_CONVERSION = YES;
				CLANG_WARN__DUPLICATE_METHOD_MATCH = YES;
				"CODE_SIGN_IDENTITY[sdk=iphoneos*]" = "iPhone Developer";
				GCC_C_LANGUAGE_STANDARD = gnu99;
				GCC_PREPROCESSOR_DEFINITIONS = (
					NDEBUG,
					"NS_BLOCK_ASSERTIONS=1",
				);
				GCC_VERSION = com.apple.compilers.llvm.clang.1_0;
				GCC_WARN_64_TO_32_BIT_CONVERSION = YES;
				GCC_WARN_ABOUT_RETURN_TYPE = YES;
				GCC_WARN_UNDECLARED_SELECTOR = YES;
				GCC_WARN_UNINITIALIZED_AUTOS = YES;
				GCC_WARN_UNUSED_FUNCTION = YES;
				GCC_WARN_UNUSED_VARIABLE = YES;
				IPHONEOS_DEPLOYMENT_TARGET = 4.0;
				SDKROOT = iphoneos;
				TARGETED_DEVICE_FAMILY = "1,2";
			};
			name = Release;
		};
		B77F1CDF17B978D8009739AE /* Debug */ = {
			isa = XCBuildConfiguration;
			buildSettings = {
				ALWAYS_SEARCH_USER_PATHS = NO;
				ASSETCATALOG_COMPILER_APPICON_NAME = AppIcon;
				ASSETCATALOG_COMPILER_LAUNCHIMAGE_NAME = LaunchImageNew;
				CLANG_ENABLE_OBJC_ARC = YES;
				CODE_SIGN_IDENTITY = "iPhone Developer";
				"CODE_SIGN_IDENTITY[sdk=iphoneos*]" = "iPhone Developer";
				COPY_PHASE_STRIP = NO;
				FRAMEWORK_SEARCH_PATHS = (
					"$(inherited)",
					"/Users/Selina/Downloads/mgwuSDK-master/mgwuSDK.embeddedframework",
					"$(PROJECT_DIR)/mgwuSDK.embeddedframework",
					"$(PROJECT_DIR)",
				);
				GCC_DYNAMIC_NO_PIC = NO;
				GCC_PRECOMPILE_PREFIX_HEADER = YES;
				GCC_PREFIX_HEADER = Source/Prefix.pch;
				HEADER_SEARCH_PATHS = (
					"\"Source/libs/cocos2d-iphone/external/kazmath/include\"/**",
					"\"Source/libs/cocos2d-iphone/cocos2d\"/**",
					"Source/libs/cocos2d-iphone/external/Chipmunk/objectivec/include",
					"Source/libs/cocos2d-iphone/external/Chipmunk/include",
					"\"Source/libs/cocos2d-iphone/cocos2d-ui\"/**",
					"\"Source/libs/cocos2d-iphone/external/ObjectAL\"/**",
				);
				INFOPLIST_FILE = Source/Resources/Info.plist;
				IPHONEOS_DEPLOYMENT_TARGET = 6.0;
				ONLY_ACTIVE_ARCH = YES;
				OTHER_LDFLAGS = (
					"-lz",
					"-lsqlite3",
					"-ObjC",
				);
				PRODUCT_NAME = selinawang;
				PROVISIONING_PROFILE = "6E1998EB-320D-4966-B4C9-853B315A4F94";
				WRAPPER_EXTENSION = app;
			};
			name = Debug;
		};
		B77F1CE017B978D8009739AE /* Release */ = {
			isa = XCBuildConfiguration;
			buildSettings = {
				ALWAYS_SEARCH_USER_PATHS = NO;
				ASSETCATALOG_COMPILER_APPICON_NAME = AppIcon;
				ASSETCATALOG_COMPILER_LAUNCHIMAGE_NAME = LaunchImageNew;
				CLANG_ENABLE_OBJC_ARC = YES;
				CODE_SIGN_IDENTITY = "iPhone Developer";
				"CODE_SIGN_IDENTITY[sdk=iphoneos*]" = "iPhone Developer";
				COPY_PHASE_STRIP = YES;
				FRAMEWORK_SEARCH_PATHS = (
					"$(inherited)",
					"/Users/Selina/Downloads/mgwuSDK-master/mgwuSDK.embeddedframework",
					"$(PROJECT_DIR)/mgwuSDK.embeddedframework",
					"$(PROJECT_DIR)",
				);
				GCC_PRECOMPILE_PREFIX_HEADER = YES;
				GCC_PREFIX_HEADER = Source/Prefix.pch;
				HEADER_SEARCH_PATHS = (
					"\"Source/libs/cocos2d-iphone/external/kazmath/include\"/**",
					"\"Source/libs/cocos2d-iphone/cocos2d\"/**",
					"Source/libs/cocos2d-iphone/external/Chipmunk/objectivec/include",
					"Source/libs/cocos2d-iphone/external/Chipmunk/include",
					"\"Source/libs/cocos2d-iphone/cocos2d-ui\"/**",
					"\"Source/libs/cocos2d-iphone/external/ObjectAL\"/**",
				);
				INFOPLIST_FILE = Source/Resources/Info.plist;
				IPHONEOS_DEPLOYMENT_TARGET = 6.0;
				OTHER_LDFLAGS = (
					"-lz",
					"-lsqlite3",
					"-ObjC",
				);
				PRODUCT_NAME = selinawang;
				PROVISIONING_PROFILE = "6E1998EB-320D-4966-B4C9-853B315A4F94";
				VALIDATE_PRODUCT = YES;
				WRAPPER_EXTENSION = app;
			};
			name = Release;
		};
/* End XCBuildConfiguration section */

/* Begin XCConfigurationList section */
		B77F1B2917B978D7009739AE /* Build configuration list for PBXProject "selinawang" */ = {
			isa = XCConfigurationList;
			buildConfigurations = (
				B77F1CDC17B978D8009739AE /* Debug */,
				B77F1CDD17B978D8009739AE /* Release */,
			);
			defaultConfigurationIsVisible = 0;
			defaultConfigurationName = Release;
		};
		B77F1CDE17B978D8009739AE /* Build configuration list for PBXNativeTarget "selinawang" */ = {
			isa = XCConfigurationList;
			buildConfigurations = (
				B77F1CDF17B978D8009739AE /* Debug */,
				B77F1CE017B978D8009739AE /* Release */,
			);
			defaultConfigurationIsVisible = 0;
			defaultConfigurationName = Release;
		};
/* End XCConfigurationList section */
	};
	rootObject = B77F1B2617B978D7009739AE /* Project object */;
}
